{
  "name": "market-ai-game",
  "lockfileVersion": 3,
  "requires": true,
  "packages": {
    "": {
      "name": "market-ai-game",
      "devDependencies": {
        "@ulabase/cli": "^0.12.0"
      }
    },
    "node_modules/@ulabase/cli": {
      "version": "0.12.0",
      "resolved": "https://registry.npmjs.org/@ulabase/cli/-/cli-0.12.0.tgz",
      "integrity": "sha512-svKJq1M6/VELn++YfrRO9He3Pp7YbtGrzy4+uXblJPBFuk7Mm6pX0OYyR3fcdDFTITAYDmOz8hF0+hLHaohI3Q==",
      "dev": true,
      "license": "MIT",
      "dependencies": {
        "@ulabase/kit": "0.12.0"
      },
      "bin": {
        "ula": "dist/cli.js",
        "ulabase": "dist/cli.js"
      }
    },
    "node_modules/@ulabase/kit": {
      "version": "0.12.0",
      "resolved": "https://registry.npmjs.org/@ulabase/kit/-/kit-0.12.0.tgz",
      "integrity": "sha512-mnM30JSsIWPTtCStzvHQuSzUiNxeeAzulJklPXdu8zt/dhmlDyMcnOpw9o9XJCTMyjIxp3sCEBBGIjggmLwZkw==",
      "dev": true,
      "license": "MIT"
    }
  }
}
